
Microsoft Visual Studio Solution File, Format Version 12.00
# Visual Studio Version 16
VisualStudioVersion = 16.0.29609.76
MinimumVisualStudioVersion = 10.0.40219.1
Project("{2150E333-8FDC-42A3-9474-1A3956D46DE8}") = "InterfacesAndMocks", "InterfacesAndMocks", "{42786B9F-B4BA-4D56-8104-D359C5E0E917}"
EndProject
Project("{FAE04EC0-301F-11D3-BF4B-00C04F79EFBC}") = "GettingStartedWithInterfacesAndMocks", "GettingStartedWithInterfacesAndMocks\GettingStartedWithInterfacesAndMocks.csproj", "{22E941F6-26EC-47CE-84A7-0456BF6EF2A1}"
EndProject
Project("{FAE04EC0-301F-11D3-BF4B-00C04F79EFBC}") = "GettingStartedWithInterfacesAndMocksTests", "GettingStartedWithInterfacesAndMocksTests\GettingStartedWithInterfacesAndMocksTests.csproj", "{7BE9A85F-1902-4448-8023-9DC5EF821EE7}"
EndProject
Global
	GlobalSection(SolutionConfigurationPlatforms) = preSolution
		Debug|Any CPU = Debug|Any CPU
		Release|Any CPU = Release|Any CPU
	EndGlobalSection
	GlobalSection(ProjectConfigurationPlatforms) = postSolution
		{22E941F6-26EC-47CE-84A7-0456BF6EF2A1}.Debug|Any CPU.ActiveCfg = Debug|Any CPU
		{22E941F6-26EC-47CE-84A7-0456BF6EF2A1}.Debug|Any CPU.Build.0 = Debug|Any CPU
		{22E941F6-26EC-47CE-84A7-0456BF6EF2A1}.Release|Any CPU.ActiveCfg = Release|Any CPU
		{22E941F6-26EC-47CE-84A7-0456BF6EF2A1}.Release|Any CPU.Build.0 = Release|Any CPU
		{7BE9A85F-1902-4448-8023-9DC5EF821EE7}.Debug|Any CPU.ActiveCfg = Debug|Any CPU
		{7BE9A85F-1902-4448-8023-9DC5EF821EE7}.Debug|Any CPU.Build.0 = Debug|Any CPU
		{7BE9A85F-1902-4448-8023-9DC5EF821EE7}.Release|Any CPU.ActiveCfg = Release|Any CPU
		{7BE9A85F-1902-4448-8023-9DC5EF821EE7}.Release|Any CPU.Build.0 = Release|Any CPU
	EndGlobalSection
	GlobalSection(SolutionProperties) = preSolution
		HideSolutionNode = FALSE
	EndGlobalSection
	GlobalSection(NestedProjects) = preSolution
		{22E941F6-26EC-47CE-84A7-0456BF6EF2A1} = {42786B9F-B4BA-4D56-8104-D359C5E0E917}
		{7BE9A85F-1902-4448-8023-9DC5EF821EE7} = {42786B9F-B4BA-4D56-8104-D359C5E0E917}
	EndGlobalSection
	GlobalSection(ExtensibilityGlobals) = postSolution
		SolutionGuid = {BA44BE1E-A335-4CCF-9ACF-D80E199328B3}
	EndGlobalSection
EndGlobal
